
Microsoft Visual Studio Solution File, Format Version 12.00
# Visual Studio Version 17
VisualStudioVersion = 17.0.31903.59
MinimumVisualStudioVersion = 10.0.40219.1
Project("{2150E333-8FDC-42A3-9474-1A3956D46DE8}") = "src", "src", "{827E0CD3-B72D-47B6-A68D-7590B98EB39B}"
EndProject
Project("{FAE04EC0-301F-11D3-BF4B-00C04F79EFBC}") = "Vestara", "src\Vestara\Vestara.csproj", "{E97E0DAE-75BE-4C86-85BC-94572D94E5C5}"
EndProject
Project("{FAE04EC0-301F-11D3-BF4B-00C04F79EFBC}") = "Vestara.AspNetCore", "src\Vestara.AspNetCore\Vestara.AspNetCore.csproj", "{C2F81A5D-76BE-4B39-8561-3A28F81D6C5A}"
EndProject
Project("{2150E333-8FDC-42A3-9474-1A3956D46DE8}") = "tests", "tests", "{0AB3BF05-4346-4AA6-1389-037BE0695223}"
EndProject
Project("{FAE04EC0-301F-11D3-BF4B-00C04F79EFBC}") = "Vestara.Tests", "tests\Vestara.Tests\Vestara.Tests.csproj", "{4B891CEC-5A2A-49F1-8F98-1B34D8ED5471}"
EndProject
Project("{FAE04EC0-301F-11D3-BF4B-00C04F79EFBC}") = "Vestara.AspNetCore.Tests", "tests\Vestara.AspNetCore.Tests\Vestara.AspNetCore.Tests.csproj", "{D3E92B6E-87CF-4C4A-9672-4B39A92E7D6B}"
EndProject
Global
	GlobalSection(SolutionConfigurationPlatforms) = preSolution
		Debug|Any CPU = Debug|Any CPU
		Debug|x64 = Debug|x64
		Debug|x86 = Debug|x86
		Release|Any CPU = Release|Any CPU
		Release|x64 = Release|x64
		Release|x86 = Release|x86
	EndGlobalSection
	GlobalSection(ProjectConfigurationPlatforms) = postSolution
		{E97E0DAE-75BE-4C86-85BC-94572D94E5C5}.Debug|Any CPU.ActiveCfg = Debug|Any CPU
		{E97E0DAE-75BE-4C86-85BC-94572D94E5C5}.Debug|Any CPU.Build.0 = Debug|Any CPU
		{E97E0DAE-75BE-4C86-85BC-94572D94E5C5}.Debug|x64.ActiveCfg = Debug|Any CPU
		{E97E0DAE-75BE-4C86-85BC-94572D94E5C5}.Debug|x64.Build.0 = Debug|Any CPU
		{E97E0DAE-75BE-4C86-85BC-94572D94E5C5}.Debug|x86.ActiveCfg = Debug|Any CPU
		{E97E0DAE-75BE-4C86-85BC-94572D94E5C5}.Debug|x86.Build.0 = Debug|Any CPU
		{E97E0DAE-75BE-4C86-85BC-94572D94E5C5}.Release|Any CPU.ActiveCfg = Release|Any CPU
		{E97E0DAE-75BE-4C86-85BC-94572D94E5C5}.Release|Any CPU.Build.0 = Release|Any CPU
		{E97E0DAE-75BE-4C86-85BC-94572D94E5C5}.Release|x64.ActiveCfg = Release|Any CPU
		{E97E0DAE-75BE-4C86-85BC-94572D94E5C5}.Release|x64.Build.0 = Release|Any CPU
		{E97E0DAE-75BE-4C86-85BC-94572D94E5C5}.Release|x86.ActiveCfg = Release|Any CPU
		{E97E0DAE-75BE-4C86-85BC-94572D94E5C5}.Release|x86.Build.0 = Release|Any CPU
		{C2F81A5D-76BE-4B39-8561-3A28F81D6C5A}.Debug|Any CPU.ActiveCfg = Debug|Any CPU
		{C2F81A5D-76BE-4B39-8561-3A28F81D6C5A}.Debug|Any CPU.Build.0 = Debug|Any CPU
		{C2F81A5D-76BE-4B39-8561-3A28F81D6C5A}.Debug|x64.ActiveCfg = Debug|Any CPU
		{C2F81A5D-76BE-4B39-8561-3A28F81D6C5A}.Debug|x64.Build.0 = Debug|Any CPU
		{C2F81A5D-76BE-4B39-8561-3A28F81D6C5A}.Debug|x86.ActiveCfg = Debug|Any CPU
		{C2F81A5D-76BE-4B39-8561-3A28F81D6C5A}.Debug|x86.Build.0 = Debug|Any CPU
		{C2F81A5D-76BE-4B39-8561-3A28F81D6C5A}.Release|Any CPU.ActiveCfg = Release|Any CPU
		{C2F81A5D-76BE-4B39-8561-3A28F81D6C5A}.Release|Any CPU.Build.0 = Release|Any CPU
		{C2F81A5D-76BE-4B39-8561-3A28F81D6C5A}.Release|x64.ActiveCfg = Release|Any CPU
		{C2F81A5D-76BE-4B39-8561-3A28F81D6C5A}.Release|x64.Build.0 = Release|Any CPU
		{C2F81A5D-76BE-4B39-8561-3A28F81D6C5A}.Release|x86.ActiveCfg = Release|Any CPU
		{C2F81A5D-76BE-4B39-8561-3A28F81D6C5A}.Release|x86.Build.0 = Release|Any CPU
		{4B891CEC-5A2A-49F1-8F98-1B34D8ED5471}.Debug|Any CPU.ActiveCfg = Debug|Any CPU
		{4B891CEC-5A2A-49F1-8F98-1B34D8ED5471}.Debug|Any CPU.Build.0 = Debug|Any CPU
		{4B891CEC-5A2A-49F1-8F98-1B34D8ED5471}.Debug|x64.ActiveCfg = Debug|Any CPU
		{4B891CEC-5A2A-49F1-8F98-1B34D8ED5471}.Debug|x64.Build.0 = Debug|Any CPU
		{4B891CEC-5A2A-49F1-8F98-1B34D8ED5471}.Debug|x86.ActiveCfg = Debug|Any CPU
		{4B891CEC-5A2A-49F1-8F98-1B34D8ED5471}.Debug|x86.Build.0 = Debug|Any CPU
		{4B891CEC-5A2A-49F1-8F98-1B34D8ED5471}.Release|Any CPU.ActiveCfg = Release|Any CPU
		{4B891CEC-5A2A-49F1-8F98-1B34D8ED5471}.Release|Any CPU.Build.0 = Release|Any CPU
		{4B891CEC-5A2A-49F1-8F98-1B34D8ED5471}.Release|x64.ActiveCfg = Release|Any CPU
		{4B891CEC-5A2A-49F1-8F98-1B34D8ED5471}.Release|x64.Build.0 = Release|Any CPU
		{4B891CEC-5A2A-49F1-8F98-1B34D8ED5471}.Release|x86.ActiveCfg = Release|Any CPU
		{4B891CEC-5A2A-49F1-8F98-1B34D8ED5471}.Release|x86.Build.0 = Release|Any CPU
		{D3E92B6E-87CF-4C4A-9672-4B39A92E7D6B}.Debug|Any CPU.ActiveCfg = Debug|Any CPU
		{D3E92B6E-87CF-4C4A-9672-4B39A92E7D6B}.Debug|Any CPU.Build.0 = Debug|Any CPU
		{D3E92B6E-87CF-4C4A-9672-4B39A92E7D6B}.Debug|x64.ActiveCfg = Debug|Any CPU
		{D3E92B6E-87CF-4C4A-9672-4B39A92E7D6B}.Debug|x64.Build.0 = Debug|Any CPU
		{D3E92B6E-87CF-4C4A-9672-4B39A92E7D6B}.Debug|x86.ActiveCfg = Debug|Any CPU
		{D3E92B6E-87CF-4C4A-9672-4B39A92E7D6B}.Debug|x86.Build.0 = Debug|Any CPU
		{D3E92B6E-87CF-4C4A-9672-4B39A92E7D6B}.Release|Any CPU.ActiveCfg = Release|Any CPU
		{D3E92B6E-87CF-4C4A-9672-4B39A92E7D6B}.Release|Any CPU.Build.0 = Release|Any CPU
		{D3E92B6E-87CF-4C4A-9672-4B39A92E7D6B}.Release|x64.ActiveCfg = Release|Any CPU
		{D3E92B6E-87CF-4C4A-9672-4B39A92E7D6B}.Release|x64.Build.0 = Release|Any CPU
		{D3E92B6E-87CF-4C4A-9672-4B39A92E7D6B}.Release|x86.ActiveCfg = Release|Any CPU
		{D3E92B6E-87CF-4C4A-9672-4B39A92E7D6B}.Release|x86.Build.0 = Release|Any CPU
	EndGlobalSection
	GlobalSection(SolutionProperties) = preSolution
		HideSolutionNode = FALSE
	EndGlobalSection
	GlobalSection(NestedProjects) = preSolution
		{E97E0DAE-75BE-4C86-85BC-94572D94E5C5} = {827E0CD3-B72D-47B6-A68D-7590B98EB39B}
		{C2F81A5D-76BE-4B39-8561-3A28F81D6C5A} = {827E0CD3-B72D-47B6-A68D-7590B98EB39B}
		{4B891CEC-5A2A-49F1-8F98-1B34D8ED5471} = {0AB3BF05-4346-4AA6-1389-037BE0695223}
		{D3E92B6E-87CF-4C4A-9672-4B39A92E7D6B} = {0AB3BF05-4346-4AA6-1389-037BE0695223}
	EndGlobalSection
EndGlobal
